
Microsoft Visual Studio Solution File, Format Version 11.00
# Visual C# Express 2010
Project("{FAE04EC0-301F-11D3-BF4B-00C04F79EFBC}") = "lb7", "lb7\lb7.csproj", "{3FD1CCC3-041F-4879-9BC6-41F46EFB581F}"
EndProject
Global
	GlobalSection(SolutionConfigurationPlatforms) = preSolution
		Debug|x86 = Debug|x86
		Release|x86 = Release|x86
	EndGlobalSection
	GlobalSection(ProjectConfigurationPlatforms) = postSolution
		{3FD1CCC3-041F-4879-9BC6-41F46EFB581F}.Debug|x86.ActiveCfg = Debug|x86
		{3FD1CCC3-041F-4879-9BC6-41F46EFB581F}.Debug|x86.Build.0 = Debug|x86
		{3FD1CCC3-041F-4879-9BC6-41F46EFB581F}.Release|x86.ActiveCfg = Release|x86
		{3FD1CCC3-041F-4879-9BC6-41F46EFB581F}.Release|x86.Build.0 = Release|x86
	EndGlobalSection
	GlobalSection(SolutionProperties) = preSolution
		HideSolutionNode = FALSE
	EndGlobalSection
EndGlobal
